// !$*UTF8*$!
{
	archiveVersion = 1;
	classes = {
	};
	objectVersion = 46;
	objects = {

/* Begin PBXBuildFile section */
		C0092DB21B396343002BEC1B /* DetailView.swift in Sources */ = {isa = PBXBuildFile; fileRef = C0092DB11B396343002BEC1B /* DetailView.swift */; };
		C0361A941B70A3FC00865DD1 /* WebServiceHandler.swift in Sources */ = {isa = PBXBuildFile; fileRef = C0361A931B70A3FC00865DD1 /* WebServiceHandler.swift */; };
		C0AF1E511B3132270049DE4B /* AppDelegate.swift in Sources */ = {isa = PBXBuildFile; fileRef = C0AF1E501B3132270049DE4B /* AppDelegate.swift */; };
		C0AF1E531B3132270049DE4B /* ViewController.swift in Sources */ = {isa = PBXBuildFile; fileRef = C0AF1E521B3132270049DE4B /* ViewController.swift */; };
		C0AF1E561B3132270049DE4B /* Main.storyboard in Resources */ = {isa = PBXBuildFile; fileRef = C0AF1E541B3132270049DE4B /* Main.storyboard */; };
		C0AF1E581B3132270049DE4B /* Images.xcassets in Resources */ = {isa = PBXBuildFile; fileRef = C0AF1E571B3132270049DE4B /* Images.xcassets */; };
		C0AF1E5B1B3132270049DE4B /* LaunchScreen.xib in Resources */ = {isa = PBXBuildFile; fileRef = C0AF1E591B3132270049DE4B /* LaunchScreen.xib */; };
		C0AF1E671B3132270049DE4B /* SwiftStartTests.swift in Sources */ = {isa = PBXBuildFile; fileRef = C0AF1E661B3132270049DE4B /* SwiftStartTests.swift */; };
/* End PBXBuildFile section */

/* Begin PBXContainerItemProxy section */
		C0AF1E611B3132270049DE4B /* PBXContainerItemProxy */ = {
			isa = PBXContainerItemProxy;
			containerPortal = C0AF1E431B3132270049DE4B /* Project object */;
			proxyType = 1;
			remoteGlobalIDString = C0AF1E4A1B3132270049DE4B;
			remoteInfo = SwiftStart;
		};
/* End PBXContainerItemProxy section */

/* Begin PBXFileReference section */
		C0092DB11B396343002BEC1B /* DetailView.swift */ = {isa = PBXFileReference; fileEncoding = 4; lastKnownFileType = sourcecode.swift; path = DetailView.swift; sourceTree = "<group>"; };
		C0361A931B70A3FC00865DD1 /* WebServiceHandler.swift */ = {isa = PBXFileReference; fileEncoding = 4; lastKnownFileType = sourcecode.swift; path = WebServiceHandler.swift; sourceTree = "<group>"; };
		C0AF1E4B1B3132270049DE4B /* SwiftStart.app */ = {isa = PBXFileReference; explicitFileType = wrapper.application; includeInIndex = 0; path = SwiftStart.app; sourceTree = BUILT_PRODUCTS_DIR; };
		C0AF1E4F1B3132270049DE4B /* Info.plist */ = {isa = PBXFileReference; lastKnownFileType = text.plist.xml; path = Info.plist; sourceTree = "<group>"; };
		C0AF1E501B3132270049DE4B /* AppDelegate.swift */ = {isa = PBXFileReference; lastKnownFileType = sourcecode.swift; path = AppDelegate.swift; sourceTree = "<group>"; };
		C0AF1E521B3132270049DE4B /* ViewController.swift */ = {isa = PBXFileReference; lastKnownFileType = sourcecode.swift; path = ViewController.swift; sourceTree = "<group>"; };
		C0AF1E551B3132270049DE4B /* Base */ = {isa = PBXFileReference; lastKnownFileType = file.storyboard; name = Base; path = Base.lproj/Main.storyboard; sourceTree = "<group>"; };
		C0AF1E571B3132270049DE4B /* Images.xcassets */ = {isa = PBXFileReference; lastKnownFileType = folder.assetcatalog; path = Images.xcassets; sourceTree = "<group>"; };
		C0AF1E5A1B3132270049DE4B /* Base */ = {isa = PBXFileReference; lastKnownFileType = file.xib; name = Base; path = Base.lproj/LaunchScreen.xib; sourceTree = "<group>"; };
		C0AF1E601B3132270049DE4B /* SwiftStartTests.xctest */ = {isa = PBXFileReference; explicitFileType = wrapper.cfbundle; includeInIndex = 0; path = SwiftStartTests.xctest; sourceTree = BUILT_PRODUCTS_DIR; };
		C0AF1E651B3132270049DE4B /* Info.plist */ = {isa = PBXFileReference; lastKnownFileType = text.plist.xml; path = Info.plist; sourceTree = "<group>"; };
		C0AF1E661B3132270049DE4B /* SwiftStartTests.swift */ = {isa = PBXFileReference; lastKnownFileType = sourcecode.swift; path = SwiftStartTests.swift; sourceTree = "<group>"; };
/* End PBXFileReference section */

/* Begin PBXFrameworksBuildPhase section */
		C0AF1E481B3132270049DE4B /* Frameworks */ = {
			isa = PBXFrameworksBuildPhase;
			buildActionMask = 2147483647;
			files = (
			);
			runOnlyForDeploymentPostprocessing = 0;
		};
		C0AF1E5D1B3132270049DE4B /* Frameworks */ = {
			isa = PBXFrameworksBuildPhase;
			buildActionMask = 2147483647;
			files = (
			);
			runOnlyForDeploymentPostprocessing = 0;
		};
/* End PBXFrameworksBuildPhase section */

/* Begin PBXGroup section */
		C0361A8E1B70A33800865DD1 /* WebServiceHandler */ = {
			isa = PBXGroup;
			children = (
				C0361A931B70A3FC00865DD1 /* WebServiceHandler.swift */,
			);
			path = WebServiceHandler;
			sourceTree = "<group>";
		};
		C0AF1E421B3132270049DE4B = {
			isa = PBXGroup;
			children = (
				C0AF1E4D1B3132270049DE4B /* SwiftStart */,
				C0AF1E631B3132270049DE4B /* SwiftStartTests */,
				C0AF1E4C1B3132270049DE4B /* Products */,
			);
			sourceTree = "<group>";
		};
		C0AF1E4C1B3132270049DE4B /* Products */ = {
			isa = PBXGroup;
			children = (
				C0AF1E4B1B3132270049DE4B /* SwiftStart.app */,
				C0AF1E601B3132270049DE4B /* SwiftStartTests.xctest */,
			);
			name = Products;
			sourceTree = "<group>";
		};
		C0AF1E4D1B3132270049DE4B /* SwiftStart */ = {
			isa = PBXGroup;
			children = (
				C0361A8E1B70A33800865DD1 /* WebServiceHandler */,
				C0AF1E501B3132270049DE4B /* AppDelegate.swift */,
				C0AF1E521B3132270049DE4B /* ViewController.swift */,
				C0092DB11B396343002BEC1B /* DetailView.swift */,
				C0AF1E541B3132270049DE4B /* Main.storyboard */,
				C0AF1E571B3132270049DE4B /* Images.xcassets */,
				C0AF1E591B3132270049DE4B /* LaunchScreen.xib */,
				C0AF1E4E1B3132270049DE4B /* Supporting Files */,
			);
			path = SwiftStart;
			sourceTree = "<group>";
		};
		C0AF1E4E1B3132270049DE4B /* Supporting Files */ = {
			isa = PBXGroup;
			children = (
				C0AF1E4F1B3132270049DE4B /* Info.plist */,
			);
			name = "Supporting Files";
			sourceTree = "<group>";
		};
		C0AF1E631B3132270049DE4B /* SwiftStartTests */ = {
			isa = PBXGroup;
			children = (
				C0AF1E661B3132270049DE4B /* SwiftStartTests.swift */,
				C0AF1E641B3132270049DE4B /* Supporting Files */,
			);
			path = SwiftStartTests;
			sourceTree = "<group>";
		};
		C0AF1E641B3132270049DE4B /* Supporting Files */ = {
			isa = PBXGroup;
			children = (
				C0AF1E651B3132270049DE4B /* Info.plist */,
			);
			name = "Supporting Files";
			sourceTree = "<group>";
		};
/* End PBXGroup section */

/* Begin PBXNativeTarget section */
		C0AF1E4A1B3132270049DE4B /* SwiftStart */ = {
			isa = PBXNativeTarget;
			buildConfigurationList = C0AF1E6A1B3132270049DE4B /* Build configuration list for PBXNativeTarget "SwiftStart" */;
			buildPhases = (
				C0AF1E471B3132270049DE4B /* Sources */,
				C0AF1E481B3132270049DE4B /* Frameworks */,
				C0AF1E491B3132270049DE4B /* Resources */,
			);
			buildRules = (
			);
			dependencies = (
			);
			name = SwiftStart;
			productName = SwiftStart;
			productReference = C0AF1E4B1B3132270049DE4B /* SwiftStart.app */;
			productType = "com.apple.product-type.application";
		};
		C0AF1E5F1B3132270049DE4B /* SwiftStartTests */ = {
			isa = PBXNativeTarget;
			buildConfigurationList = C0AF1E6D1B3132270049DE4B /* Build configuration list for PBXNativeTarget "SwiftStartTests" */;
			buildPhases = (
				C0AF1E5C1B3132270049DE4B /* Sources */,
				C0AF1E5D1B3132270049DE4B /* Frameworks */,
				C0AF1E5E1B3132270049DE4B /* Resources */,
			);
			buildRules = (
			);
			dependencies = (
				C0AF1E621B3132270049DE4B /* PBXTargetDependency */,
			);
			name = SwiftStartTests;
			productName = SwiftStartTests;
			productReference = C0AF1E601B3132270049DE4B /* SwiftStartTests.xctest */;
			productType = "com.apple.product-type.bundle.unit-test";
		};
/* End PBXNativeTarget section */

/* Begin PBXProject section */
		C0AF1E431B3132270049DE4B /* Project object */ = {
			isa = PBXProject;
			attributes = {
				LastUpgradeCheck = 0610;
				ORGANIZATIONNAME = "Siya Infotech";
				TargetAttributes = {
					C0AF1E4A1B3132270049DE4B = {
						CreatedOnToolsVersion = 6.1.1;
					};
					C0AF1E5F1B3132270049DE4B = {
						CreatedOnToolsVersion = 6.1.1;
						TestTargetID = C0AF1E4A1B3132270049DE4B;
					};
				};
			};
			buildConfigurationList = C0AF1E461B3132270049DE4B /* Build configuration list for PBXProject "SwiftStart" */;
			compatibilityVersion = "Xcode 3.2";
			developmentRegion = English;
			hasScannedForEncodings = 0;
			knownRegions = (
				en,
				Base,
			);
			mainGroup = C0AF1E421B3132270049DE4B;
			productRefGroup = C0AF1E4C1B3132270049DE4B /* Products */;
			projectDirPath = "";
			projectRoot = "";
			targets = (
				C0AF1E4A1B3132270049DE4B /* SwiftStart */,
				C0AF1E5F1B3132270049DE4B /* SwiftStartTests */,
			);
		};
/* End PBXProject section */

/* Begin PBXResourcesBuildPhase section */
		C0AF1E491B3132270049DE4B /* Resources */ = {
			isa = PBXResourcesBuildPhase;
			buildActionMask = 2147483647;
			files = (
				C0AF1E561B3132270049DE4B /* Main.storyboard in Resources */,
				C0AF1E5B1B3132270049DE4B /* LaunchScreen.xib in Resources */,
				C0AF1E581B3132270049DE4B /* Images.xcassets in Resources */,
			);
			runOnlyForDeploymentPostprocessing = 0;
		};
		C0AF1E5E1B3132270049DE4B /* Resources */ = {
			isa = PBXResourcesBuildPhase;
			buildActionMask = 2147483647;
			files = (
			);
			runOnlyForDeploymentPostprocessing = 0;
		};
/* End PBXResourcesBuildPhase section */

/* Begin PBXSourcesBuildPhase section */
		C0AF1E471B3132270049DE4B /* Sources */ = {
			isa = PBXSourcesBuildPhase;
			buildActionMask = 2147483647;
			files = (
				C0AF1E531B3132270049DE4B /* ViewController.swift in Sources */,
				C0092DB21B396343002BEC1B /* DetailView.swift in Sources */,
				C0AF1E511B3132270049DE4B /* AppDelegate.swift in Sources */,
				C0361A941B70A3FC00865DD1 /* WebServiceHandler.swift in Sources */,
			);
			runOnlyForDeploymentPostprocessing = 0;
		};
		C0AF1E5C1B3132270049DE4B /* Sources */ = {
			isa = PBXSourcesBuildPhase;
			buildActionMask = 2147483647;
			files = (
				C0AF1E671B3132270049DE4B /* SwiftStartTests.swift in Sources */,
			);
			runOnlyForDeploymentPostprocessing = 0;
		};
/* End PBXSourcesBuildPhase section */

/* Begin PBXTargetDependency section */
		C0AF1E621B3132270049DE4B /* PBXTargetDependency */ = {
			isa = PBXTargetDependency;
			target = C0AF1E4A1B3132270049DE4B /* SwiftStart */;
			targetProxy = C0AF1E611B3132270049DE4B /* PBXContainerItemProxy */;
		};
/* End PBXTargetDependency section */

/* Begin PBXVariantGroup section */
		C0AF1E541B3132270049DE4B /* Main.storyboard */ = {
			isa = PBXVariantGroup;
			children = (
				C0AF1E551B3132270049DE4B /* Base */,
			);
			name = Main.storyboard;
			sourceTree = "<group>";
		};
		C0AF1E591B3132270049DE4B /* LaunchScreen.xib */ = {
			isa = PBXVariantGroup;
			children = (
				C0AF1E5A1B3132270049DE4B /* Base */,
			);
			name = LaunchScreen.xib;
			sourceTree = "<group>";
		};
/* End PBXVariantGroup section */

/* Begin XCBuildConfiguration section */
		C0AF1E681B3132270049DE4B /* Debug */ = {
			isa = XCBuildConfiguration;
			buildSettings = {
				ALWAYS_SEARCH_USER_PATHS = NO;
				CLANG_CXX_LANGUAGE_STANDARD = "gnu++0x";
				CLANG_CXX_LIBRARY = "libc++";
				CLANG_ENABLE_MODULES = YES;
				CLANG_ENABLE_OBJC_ARC = YES;
				CLANG_WARN_BOOL_CONVERSION = YES;
				CLANG_WARN_CONSTANT_CONVERSION = YES;
				CLANG_WARN_DIRECT_OBJC_ISA_USAGE = YES_ERROR;
				CLANG_WARN_EMPTY_BODY = YES;
				CLANG_WARN_ENUM_CONVERSION = YES;
				CLANG_WARN_INT_CONVERSION = YES;
				CLANG_WARN_OBJC_ROOT_CLASS = YES_ERROR;
				CLANG_WARN_UNREACHABLE_CODE = YES;
				CLANG_WARN__DUPLICATE_METHOD_MATCH = YES;
				"CODE_SIGN_IDENTITY[sdk=iphoneos*]" = "iPhone Developer";
				COPY_PHASE_STRIP = NO;
				ENABLE_STRICT_OBJC_MSGSEND = YES;
				GCC_C_LANGUAGE_STANDARD = gnu99;
				GCC_DYNAMIC_NO_PIC = NO;
				GCC_OPTIMIZATION_LEVEL = 0;
				GCC_PREPROCESSOR_DEFINITIONS = (
					"DEBUG=1",
					"$(inherited)",
				);
				GCC_SYMBOLS_PRIVATE_EXTERN = NO;
				GCC_WARN_64_TO_32_BIT_CONVERSION = YES;
				GCC_WARN_ABOUT_RETURN_TYPE = YES_ERROR;
				GCC_WARN_UNDECLARED_SELECTOR = YES;
				GCC_WARN_UNINITIALIZED_AUTOS = YES_AGGRESSIVE;
				GCC_WARN_UNUSED_FUNCTION = YES;
				GCC_WARN_UNUSED_VARIABLE = YES;
				IPHONEOS_DEPLOYMENT_TARGET = 8.1;
				MTL_ENABLE_DEBUG_INFO = YES;
				ONLY_ACTIVE_ARCH = YES;
				SDKROOT = iphoneos;
				SWIFT_OPTIMIZATION_LEVEL = "-Onone";
			};
			name = Debug;
		};
		C0AF1E691B3132270049DE4B /* Release */ = {
			isa = XCBuildConfiguration;
			buildSettings = {
				ALWAYS_SEARCH_USER_PATHS = NO;
				CLANG_CXX_LANGUAGE_STANDARD = "gnu++0x";
				CLANG_CXX_LIBRARY = "libc++";
				CLANG_ENABLE_MODULES = YES;
				CLANG_ENABLE_OBJC_ARC = YES;
				CLANG_WARN_BOOL_CONVERSION = YES;
				CLANG_WARN_CONSTANT_CONVERSION = YES;
				CLANG_WARN_DIRECT_OBJC_ISA_USAGE = YES_ERROR;
				CLANG_WARN_EMPTY_BODY = YES;
				CLANG_WARN_ENUM_CONVERSION = YES;
				CLANG_WARN_INT_CONVERSION = YES;
				CLANG_WARN_OBJC_ROOT_CLASS = YES_ERROR;
				CLANG_WARN_UNREACHABLE_CODE = YES;
				CLANG_WARN__DUPLICATE_METHOD_MATCH = YES;
				"CODE_SIGN_IDENTITY[sdk=iphoneos*]" = "iPhone Developer";
				COPY_PHASE_STRIP = YES;
				ENABLE_NS_ASSERTIONS = NO;
				ENABLE_STRICT_OBJC_MSGSEND = YES;
				GCC_C_LANGUAGE_STANDARD = gnu99;
				GCC_WARN_64_TO_32_BIT_CONVERSION = YES;
				GCC_WARN_ABOUT_RETURN_TYPE = YES_ERROR;
				GCC_WARN_UNDECLARED_SELECTOR = YES;
				GCC_WARN_UNINITIALIZED_AUTOS = YES_AGGRESSIVE;
				GCC_WARN_UNUSED_FUNCTION = YES;
				GCC_WARN_UNUSED_VARIABLE = YES;
				IPHONEOS_DEPLOYMENT_TARGET = 8.1;
				MTL_ENABLE_DEBUG_INFO = NO;
				SDKROOT = iphoneos;
				VALIDATE_PRODUCT = YES;
			};
			name = Release;
		};
		C0AF1E6B1B3132270049DE4B /* Debug */ = {
			isa = XCBuildConfiguration;
			buildSettings = {
				ASSETCATALOG_COMPILER_APPICON_NAME = AppIcon;
				INFOPLIST_FILE = SwiftStart/Info.plist;
				LD_RUNPATH_SEARCH_PATHS = "$(inherited) @executable_path/Frameworks";
				PRODUCT_NAME = "$(TARGET_NAME)";
			};
			name = Debug;
		};
		C0AF1E6C1B3132270049DE4B /* Release */ = {
			isa = XCBuildConfiguration;
			buildSettings = {
				ASSETCATALOG_COMPILER_APPICON_NAME = AppIcon;
				INFOPLIST_FILE = SwiftStart/Info.plist;
				LD_RUNPATH_SEARCH_PATHS = "$(inherited) @executable_path/Frameworks";
				PRODUCT_NAME = "$(TARGET_NAME)";
			};
			name = Release;
		};
		C0AF1E6E1B3132270049DE4B /* Debug */ = {
			isa = XCBuildConfiguration;
			buildSettings = {
				BUNDLE_LOADER = "$(TEST_HOST)";
				FRAMEWORK_SEARCH_PATHS = (
					"$(SDKROOT)/Developer/Library/Frameworks",
					"$(inherited)",
				);
				GCC_PREPROCESSOR_DEFINITIONS = (
					"DEBUG=1",
					"$(inherited)",
				);
				INFOPLIST_FILE = SwiftStartTests/Info.plist;
				LD_RUNPATH_SEARCH_PATHS = "$(inherited) @executable_path/Frameworks @loader_path/Frameworks";
				PRODUCT_NAME = "$(TARGET_NAME)";
				TEST_HOST = "$(BUILT_PRODUCTS_DIR)/SwiftStart.app/SwiftStart";
			};
			name = Debug;
		};
		C0AF1E6F1B3132270049DE4B /* Release */ = {
			isa = XCBuildConfiguration;
			buildSettings = {
				BUNDLE_LOADER = "$(TEST_HOST)";
				FRAMEWORK_SEARCH_PATHS = (
					"$(SDKROOT)/Developer/Library/Frameworks",
					"$(inherited)",
				);
				INFOPLIST_FILE = SwiftStartTests/Info.plist;
				LD_RUNPATH_SEARCH_PATHS = "$(inherited) @executable_path/Frameworks @loader_path/Frameworks";
				PRODUCT_NAME = "$(TARGET_NAME)";
				TEST_HOST = "$(BUILT_PRODUCTS_DIR)/SwiftStart.app/SwiftStart";
			};
			name = Release;
		};
/* End XCBuildConfiguration section */

/* Begin XCConfigurationList section */
		C0AF1E461B3132270049DE4B /* Build configuration list for PBXProject "SwiftStart" */ = {
			isa = XCConfigurationList;
			buildConfigurations = (
				C0AF1E681B3132270049DE4B /* Debug */,
				C0AF1E691B3132270049DE4B /* Release */,
			);
			defaultConfigurationIsVisible = 0;
			defaultConfigurationName = Release;
		};
		C0AF1E6A1B3132270049DE4B /* Build configuration list for PBXNativeTarget "SwiftStart" */ = {
			isa = XCConfigurationList;
			buildConfigurations = (
				C0AF1E6B1B3132270049DE4B /* Debug */,
				C0AF1E6C1B3132270049DE4B /* Release */,
			);
			defaultConfigurationIsVisible = 0;
			defaultConfigurationName = Release;
		};
		C0AF1E6D1B3132270049DE4B /* Build configuration list for PBXNativeTarget "SwiftStartTests" */ = {
			isa = XCConfigurationList;
			buildConfigurations = (
				C0AF1E6E1B3132270049DE4B /* Debug */,
				C0AF1E6F1B3132270049DE4B /* Release */,
			);
			defaultConfigurationIsVisible = 0;
			defaultConfigurationName = Release;
		};
/* End XCConfigurationList section */
	};
	rootObject = C0AF1E431B3132270049DE4B /* Project object */;
}
