// !$*UTF8*$!
{
	archiveVersion = 1;
	classes = {
	};
	objectVersion = 50;
	objects = {

/* Begin PBXBuildFile section */
		23C1EAEE211980A8001073F4 /* AppDelegate.swift in Sources */ = {isa = PBXBuildFile; fileRef = 23C1EAED211980A8001073F4 /* AppDelegate.swift */; };
		23C1EAF0211980A8001073F4 /* ViewController.swift in Sources */ = {isa = PBXBuildFile; fileRef = 23C1EAEF211980A8001073F4 /* ViewController.swift */; };
		23C1EAF3211980A8001073F4 /* Main.storyboard in Resources */ = {isa = PBXBuildFile; fileRef = 23C1EAF1211980A8001073F4 /* Main.storyboard */; };
		23C1EAF5211980E1001073F4 /* Assets.xcassets in Resources */ = {isa = PBXBuildFile; fileRef = 23C1EAF4211980E1001073F4 /* Assets.xcassets */; };
		23C1EAF8211980E1001073F4 /* LaunchScreen.storyboard in Resources */ = {isa = PBXBuildFile; fileRef = 23C1EAF6211980E1001073F4 /* LaunchScreen.storyboard */; };
		23C1EB00211980F8001073F4 /* google.csv in Resources */ = {isa = PBXBuildFile; fileRef = 23C1EAFF211980F8001073F4 /* google.csv */; };
/* End PBXBuildFile section */

/* Begin PBXFileReference section */
		23C1EAEA211980A8001073F4 /* CSVDemo.app */ = {isa = PBXFileReference; explicitFileType = wrapper.application; includeInIndex = 0; path = CSVDemo.app; sourceTree = BUILT_PRODUCTS_DIR; };
		23C1EAED211980A8001073F4 /* AppDelegate.swift */ = {isa = PBXFileReference; lastKnownFileType = sourcecode.swift; path = AppDelegate.swift; sourceTree = "<group>"; };
		23C1EAEF211980A8001073F4 /* ViewController.swift */ = {isa = PBXFileReference; lastKnownFileType = sourcecode.swift; path = ViewController.swift; sourceTree = "<group>"; };
		23C1EAF2211980A8001073F4 /* Base */ = {isa = PBXFileReference; lastKnownFileType = file.storyboard; name = Base; path = Base.lproj/Main.storyboard; sourceTree = "<group>"; };
		23C1EAF4211980E1001073F4 /* Assets.xcassets */ = {isa = PBXFileReference; lastKnownFileType = folder.assetcatalog; path = Assets.xcassets; sourceTree = "<group>"; };
		23C1EAF7211980E1001073F4 /* Base */ = {isa = PBXFileReference; lastKnownFileType = file.storyboard; name = Base; path = Base.lproj/LaunchScreen.storyboard; sourceTree = "<group>"; };
		23C1EAF9211980E1001073F4 /* Info.plist */ = {isa = PBXFileReference; lastKnownFileType = text.plist.xml; path = Info.plist; sourceTree = "<group>"; };
		23C1EAFF211980F8001073F4 /* google.csv */ = {isa = PBXFileReference; fileEncoding = 4; lastKnownFileType = text; name = google.csv; path = ../../../../../../../Downloads/google.csv; sourceTree = "<group>"; };
/* End PBXFileReference section */

/* Begin PBXFrameworksBuildPhase section */
		23C1EAE7211980A8001073F4 /* Frameworks */ = {
			isa = PBXFrameworksBuildPhase;
			buildActionMask = 2147483647;
			files = (
			);
			runOnlyForDeploymentPostprocessing = 0;
		};
/* End PBXFrameworksBuildPhase section */

/* Begin PBXGroup section */
		23C1EAE1211980A7001073F4 = {
			isa = PBXGroup;
			children = (
				23C1EAEC211980A8001073F4 /* CSVDemo */,
				23C1EAEB211980A8001073F4 /* Products */,
			);
			sourceTree = "<group>";
		};
		23C1EAEB211980A8001073F4 /* Products */ = {
			isa = PBXGroup;
			children = (
				23C1EAEA211980A8001073F4 /* CSVDemo.app */,
			);
			name = Products;
			sourceTree = "<group>";
		};
		23C1EAEC211980A8001073F4 /* CSVDemo */ = {
			isa = PBXGroup;
			children = (
				23C1EAED211980A8001073F4 /* AppDelegate.swift */,
				23C1EAEF211980A8001073F4 /* ViewController.swift */,
				23C1EAFF211980F8001073F4 /* google.csv */,
				23C1EAF1211980A8001073F4 /* Main.storyboard */,
				23C1EAF4211980E1001073F4 /* Assets.xcassets */,
				23C1EAF6211980E1001073F4 /* LaunchScreen.storyboard */,
				23C1EAF9211980E1001073F4 /* Info.plist */,
			);
			path = CSVDemo;
			sourceTree = "<group>";
		};
/* End PBXGroup section */

/* Begin PBXNativeTarget section */
		23C1EAE9211980A8001073F4 /* CSVDemo */ = {
			isa = PBXNativeTarget;
			buildConfigurationList = 23C1EAFC211980E1001073F4 /* Build configuration list for PBXNativeTarget "CSVDemo" */;
			buildPhases = (
				23C1EAE6211980A8001073F4 /* Sources */,
				23C1EAE7211980A8001073F4 /* Frameworks */,
				23C1EAE8211980A8001073F4 /* Resources */,
			);
			buildRules = (
			);
			dependencies = (
			);
			name = CSVDemo;
			productName = CSVDemo;
			productReference = 23C1EAEA211980A8001073F4 /* CSVDemo.app */;
			productType = "com.apple.product-type.application";
		};
/* End PBXNativeTarget section */

/* Begin PBXProject section */
		23C1EAE2211980A7001073F4 /* Project object */ = {
			isa = PBXProject;
			attributes = {
				LastSwiftUpdateCheck = 0940;
				LastUpgradeCheck = 0940;
				ORGANIZATIONNAME = Lalji;
				TargetAttributes = {
					23C1EAE9211980A8001073F4 = {
						CreatedOnToolsVersion = 9.4.1;
					};
				};
			};
			buildConfigurationList = 23C1EAE5211980A8001073F4 /* Build configuration list for PBXProject "CSVDemo" */;
			compatibilityVersion = "Xcode 9.3";
			developmentRegion = en;
			hasScannedForEncodings = 0;
			knownRegions = (
				en,
				Base,
			);
			mainGroup = 23C1EAE1211980A7001073F4;
			productRefGroup = 23C1EAEB211980A8001073F4 /* Products */;
			projectDirPath = "";
			projectRoot = "";
			targets = (
				23C1EAE9211980A8001073F4 /* CSVDemo */,
			);
		};
/* End PBXProject section */

/* Begin PBXResourcesBuildPhase section */
		23C1EAE8211980A8001073F4 /* Resources */ = {
			isa = PBXResourcesBuildPhase;
			buildActionMask = 2147483647;
			files = (
				23C1EAF8211980E1001073F4 /* LaunchScreen.storyboard in Resources */,
				23C1EB00211980F8001073F4 /* google.csv in Resources */,
				23C1EAF5211980E1001073F4 /* Assets.xcassets in Resources */,
				23C1EAF3211980A8001073F4 /* Main.storyboard in Resources */,
			);
			runOnlyForDeploymentPostprocessing = 0;
		};
/* End PBXResourcesBuildPhase section */

/* Begin PBXSourcesBuildPhase section */
		23C1EAE6211980A8001073F4 /* Sources */ = {
			isa = PBXSourcesBuildPhase;
			buildActionMask = 2147483647;
			files = (
				23C1EAF0211980A8001073F4 /* ViewController.swift in Sources */,
				23C1EAEE211980A8001073F4 /* AppDelegate.swift in Sources */,
			);
			runOnlyForDeploymentPostprocessing = 0;
		};
/* End PBXSourcesBuildPhase section */

/* Begin PBXVariantGroup section */
		23C1EAF1211980A8001073F4 /* Main.storyboard */ = {
			isa = PBXVariantGroup;
			children = (
				23C1EAF2211980A8001073F4 /* Base */,
			);
			name = Main.storyboard;
			sourceTree = "<group>";
		};
		23C1EAF6211980E1001073F4 /* LaunchScreen.storyboard */ = {
			isa = PBXVariantGroup;
			children = (
				23C1EAF7211980E1001073F4 /* Base */,
			);
			name = LaunchScreen.storyboard;
			sourceTree = "<group>";
		};
/* End PBXVariantGroup section */

/* Begin XCBuildConfiguration section */
		23C1EAFA211980E1001073F4 /* Debug */ = {
			isa = XCBuildConfiguration;
			buildSettings = {
				ALWAYS_SEARCH_USER_PATHS = NO;
				CLANG_ANALYZER_NONNULL = YES;
				CLANG_ANALYZER_NUMBER_OBJECT_CONVERSION = YES_AGGRESSIVE;
				CLANG_CXX_LANGUAGE_STANDARD = "gnu++14";
				CLANG_CXX_LIBRARY = "libc++";
				CLANG_ENABLE_MODULES = YES;
				CLANG_ENABLE_OBJC_ARC = YES;
				CLANG_ENABLE_OBJC_WEAK = YES;
				CLANG_WARN_BLOCK_CAPTURE_AUTORELEASING = YES;
				CLANG_WARN_BOOL_CONVERSION = YES;
				CLANG_WARN_COMMA = YES;
				CLANG_WARN_CONSTANT_CONVERSION = YES;
				CLANG_WARN_DEPRECATED_OBJC_IMPLEMENTATIONS = YES;
				CLANG_WARN_DIRECT_OBJC_ISA_USAGE = YES_ERROR;
				CLANG_WARN_DOCUMENTATION_COMMENTS = YES;
				CLANG_WARN_EMPTY_BODY = YES;
				CLANG_WARN_ENUM_CONVERSION = YES;
				CLANG_WARN_INFINITE_RECURSION = YES;
				CLANG_WARN_INT_CONVERSION = YES;
				CLANG_WARN_NON_LITERAL_NULL_CONVERSION = YES;
				CLANG_WARN_OBJC_IMPLICIT_RETAIN_SELF = YES;
				CLANG_WARN_OBJC_LITERAL_CONVERSION = YES;
				CLANG_WARN_OBJC_ROOT_CLASS = YES_ERROR;
				CLANG_WARN_RANGE_LOOP_ANALYSIS = YES;
				CLANG_WARN_STRICT_PROTOTYPES = YES;
				CLANG_WARN_SUSPICIOUS_MOVE = YES;
				CLANG_WARN_UNGUARDED_AVAILABILITY = YES_AGGRESSIVE;
				CLANG_WARN_UNREACHABLE_CODE = YES;
				CLANG_WARN__DUPLICATE_METHOD_MATCH = YES;
				CODE_SIGN_IDENTITY = "iPhone Developer";
				COPY_PHASE_STRIP = NO;
				DEBUG_INFORMATION_FORMAT = dwarf;
				ENABLE_STRICT_OBJC_MSGSEND = YES;
				ENABLE_TESTABILITY = YES;
				GCC_C_LANGUAGE_STANDARD = gnu11;
				GCC_DYNAMIC_NO_PIC = NO;
				GCC_NO_COMMON_BLOCKS = YES;
				GCC_OPTIMIZATION_LEVEL = 0;
				GCC_PREPROCESSOR_DEFINITIONS = (
					"DEBUG=1",
					"$(inherited)",
				);
				GCC_WARN_64_TO_32_BIT_CONVERSION = YES;
				GCC_WARN_ABOUT_RETURN_TYPE = YES_ERROR;
				GCC_WARN_UNDECLARED_SELECTOR = YES;
				GCC_WARN_UNINITIALIZED_AUTOS = YES_AGGRESSIVE;
				GCC_WARN_UNUSED_FUNCTION = YES;
				GCC_WARN_UNUSED_VARIABLE = YES;
				IPHONEOS_DEPLOYMENT_TARGET = 11.4;
				MTL_ENABLE_DEBUG_INFO = YES;
				ONLY_ACTIVE_ARCH = YES;
				SDKROOT = iphoneos;
				SWIFT_ACTIVE_COMPILATION_CONDITIONS = DEBUG;
				SWIFT_OPTIMIZATION_LEVEL = "-Onone";
			};
			name = Debug;
		};
		23C1EAFB211980E1001073F4 /* Release */ = {
			isa = XCBuildConfiguration;
			buildSettings = {
				ALWAYS_SEARCH_USER_PATHS = NO;
				CLANG_ANALYZER_NONNULL = YES;
				CLANG_ANALYZER_NUMBER_OBJECT_CONVERSION = YES_AGGRESSIVE;
				CLANG_CXX_LANGUAGE_STANDARD = "gnu++14";
				CLANG_CXX_LIBRARY = "libc++";
				CLANG_ENABLE_MODULES = YES;
				CLANG_ENABLE_OBJC_ARC = YES;
				CLANG_ENABLE_OBJC_WEAK = YES;
				CLANG_WARN_BLOCK_CAPTURE_AUTORELEASING = YES;
				CLANG_WARN_BOOL_CONVERSION = YES;
				CLANG_WARN_COMMA = YES;
				CLANG_WARN_CONSTANT_CONVERSION = YES;
				CLANG_WARN_DEPRECATED_OBJC_IMPLEMENTATIONS = YES;
				CLANG_WARN_DIRECT_OBJC_ISA_USAGE = YES_ERROR;
				CLANG_WARN_DOCUMENTATION_COMMENTS = YES;
				CLANG_WARN_EMPTY_BODY = YES;
				CLANG_WARN_ENUM_CONVERSION = YES;
				CLANG_WARN_INFINITE_RECURSION = YES;
				CLANG_WARN_INT_CONVERSION = YES;
				CLANG_WARN_NON_LITERAL_NULL_CONVERSION = YES;
				CLANG_WARN_OBJC_IMPLICIT_RETAIN_SELF = YES;
				CLANG_WARN_OBJC_LITERAL_CONVERSION = YES;
				CLANG_WARN_OBJC_ROOT_CLASS = YES_ERROR;
				CLANG_WARN_RANGE_LOOP_ANALYSIS = YES;
				CLANG_WARN_STRICT_PROTOTYPES = YES;
				CLANG_WARN_SUSPICIOUS_MOVE = YES;
				CLANG_WARN_UNGUARDED_AVAILABILITY = YES_AGGRESSIVE;
				CLANG_WARN_UNREACHABLE_CODE = YES;
				CLANG_WARN__DUPLICATE_METHOD_MATCH = YES;
				CODE_SIGN_IDENTITY = "iPhone Developer";
				COPY_PHASE_STRIP = NO;
				DEBUG_INFORMATION_FORMAT = "dwarf-with-dsym";
				ENABLE_NS_ASSERTIONS = NO;
				ENABLE_STRICT_OBJC_MSGSEND = YES;
				GCC_C_LANGUAGE_STANDARD = gnu11;
				GCC_NO_COMMON_BLOCKS = YES;
				GCC_WARN_64_TO_32_BIT_CONVERSION = YES;
				GCC_WARN_ABOUT_RETURN_TYPE = YES_ERROR;
				GCC_WARN_UNDECLARED_SELECTOR = YES;
				GCC_WARN_UNINITIALIZED_AUTOS = YES_AGGRESSIVE;
				GCC_WARN_UNUSED_FUNCTION = YES;
				GCC_WARN_UNUSED_VARIABLE = YES;
				IPHONEOS_DEPLOYMENT_TARGET = 11.4;
				MTL_ENABLE_DEBUG_INFO = NO;
				SDKROOT = iphoneos;
				SWIFT_COMPILATION_MODE = wholemodule;
				SWIFT_OPTIMIZATION_LEVEL = "-O";
				VALIDATE_PRODUCT = YES;
			};
			name = Release;
		};
		23C1EAFD211980E1001073F4 /* Debug */ = {
			isa = XCBuildConfiguration;
			buildSettings = {
				ASSETCATALOG_COMPILER_APPICON_NAME = AppIcon;
				CODE_SIGN_STYLE = Automatic;
				DEVELOPMENT_TEAM = 9UQF5C7AJR;
				INFOPLIST_FILE = CSVDemo/Info.plist;
				LD_RUNPATH_SEARCH_PATHS = (
					"$(inherited)",
					"@executable_path/Frameworks",
				);
				PRODUCT_BUNDLE_IDENTIFIER = Siya.CSVDemo;
				PRODUCT_NAME = "$(TARGET_NAME)";
				SWIFT_VERSION = 4.0;
				TARGETED_DEVICE_FAMILY = "1,2";
			};
			name = Debug;
		};
		23C1EAFE211980E1001073F4 /* Release */ = {
			isa = XCBuildConfiguration;
			buildSettings = {
				ASSETCATALOG_COMPILER_APPICON_NAME = AppIcon;
				CODE_SIGN_STYLE = Automatic;
				DEVELOPMENT_TEAM = 9UQF5C7AJR;
				INFOPLIST_FILE = CSVDemo/Info.plist;
				LD_RUNPATH_SEARCH_PATHS = (
					"$(inherited)",
					"@executable_path/Frameworks",
				);
				PRODUCT_BUNDLE_IDENTIFIER = Siya.CSVDemo;
				PRODUCT_NAME = "$(TARGET_NAME)";
				SWIFT_VERSION = 4.0;
				TARGETED_DEVICE_FAMILY = "1,2";
			};
			name = Release;
		};
/* End XCBuildConfiguration section */

/* Begin XCConfigurationList section */
		23C1EAE5211980A8001073F4 /* Build configuration list for PBXProject "CSVDemo" */ = {
			isa = XCConfigurationList;
			buildConfigurations = (
				23C1EAFA211980E1001073F4 /* Debug */,
				23C1EAFB211980E1001073F4 /* Release */,
			);
			defaultConfigurationIsVisible = 0;
			defaultConfigurationName = Release;
		};
		23C1EAFC211980E1001073F4 /* Build configuration list for PBXNativeTarget "CSVDemo" */ = {
			isa = XCConfigurationList;
			buildConfigurations = (
				23C1EAFD211980E1001073F4 /* Debug */,
				23C1EAFE211980E1001073F4 /* Release */,
			);
			defaultConfigurationIsVisible = 0;
			defaultConfigurationName = Release;
		};
/* End XCConfigurationList section */
	};
	rootObject = 23C1EAE2211980A7001073F4 /* Project object */;
}
