// !$*UTF8*$!
{
	archiveVersion = 1;
	classes = {
	};
	objectVersion = 46;
	objects = {

/* Begin PBXBuildFile section */
		2731B3FB1647075870A26494 /* Pods_RotoredView.framework in Frameworks */ = {isa = PBXBuildFile; fileRef = 431CF783BC46F2B5EF5DBFAF /* Pods_RotoredView.framework */; };
		928542781E7A97A200FD61AD /* Reachability.m in Sources */ = {isa = PBXBuildFile; fileRef = 928542771E7A97A200FD61AD /* Reachability.m */; };
		929615481E7A7408003CEBD5 /* WebConnection.swift in Sources */ = {isa = PBXBuildFile; fileRef = 929615471E7A7408003CEBD5 /* WebConnection.swift */; };
		9296AE8B1E7A52EF004C64AE /* AppDelegate.swift in Sources */ = {isa = PBXBuildFile; fileRef = 9296AE8A1E7A52EF004C64AE /* AppDelegate.swift */; };
		9296AE8D1E7A52EF004C64AE /* ViewController.swift in Sources */ = {isa = PBXBuildFile; fileRef = 9296AE8C1E7A52EF004C64AE /* ViewController.swift */; };
		9296AE901E7A52EF004C64AE /* Main.storyboard in Resources */ = {isa = PBXBuildFile; fileRef = 9296AE8E1E7A52EF004C64AE /* Main.storyboard */; };
		9296AE921E7A52EF004C64AE /* Assets.xcassets in Resources */ = {isa = PBXBuildFile; fileRef = 9296AE911E7A52EF004C64AE /* Assets.xcassets */; };
		9296AE951E7A52EF004C64AE /* LaunchScreen.storyboard in Resources */ = {isa = PBXBuildFile; fileRef = 9296AE931E7A52EF004C64AE /* LaunchScreen.storyboard */; };
/* End PBXBuildFile section */

/* Begin PBXFileReference section */
		431CF783BC46F2B5EF5DBFAF /* Pods_RotoredView.framework */ = {isa = PBXFileReference; explicitFileType = wrapper.framework; includeInIndex = 0; path = Pods_RotoredView.framework; sourceTree = BUILT_PRODUCTS_DIR; };
		528A33178CE638ACD7912904 /* Pods-RotoredView.debug.xcconfig */ = {isa = PBXFileReference; includeInIndex = 1; lastKnownFileType = text.xcconfig; name = "Pods-RotoredView.debug.xcconfig"; path = "Pods/Target Support Files/Pods-RotoredView/Pods-RotoredView.debug.xcconfig"; sourceTree = "<group>"; };
		675233905427FA666735F235 /* Pods-RotoredView.release.xcconfig */ = {isa = PBXFileReference; includeInIndex = 1; lastKnownFileType = text.xcconfig; name = "Pods-RotoredView.release.xcconfig"; path = "Pods/Target Support Files/Pods-RotoredView/Pods-RotoredView.release.xcconfig"; sourceTree = "<group>"; };
		928542761E7A97A200FD61AD /* Reachability.h */ = {isa = PBXFileReference; fileEncoding = 4; lastKnownFileType = sourcecode.c.h; path = Reachability.h; sourceTree = "<group>"; };
		928542771E7A97A200FD61AD /* Reachability.m */ = {isa = PBXFileReference; fileEncoding = 4; lastKnownFileType = sourcecode.c.objc; path = Reachability.m; sourceTree = "<group>"; };
		929615431E7A62BC003CEBD5 /* RotoredView-Bridging-Header.h */ = {isa = PBXFileReference; lastKnownFileType = sourcecode.c.h; path = "RotoredView-Bridging-Header.h"; sourceTree = "<group>"; };
		929615471E7A7408003CEBD5 /* WebConnection.swift */ = {isa = PBXFileReference; fileEncoding = 4; lastKnownFileType = sourcecode.swift; path = WebConnection.swift; sourceTree = "<group>"; };
		9296AE871E7A52EF004C64AE /* RotoredView.app */ = {isa = PBXFileReference; explicitFileType = wrapper.application; includeInIndex = 0; path = RotoredView.app; sourceTree = BUILT_PRODUCTS_DIR; };
		9296AE8A1E7A52EF004C64AE /* AppDelegate.swift */ = {isa = PBXFileReference; lastKnownFileType = sourcecode.swift; path = AppDelegate.swift; sourceTree = "<group>"; };
		9296AE8C1E7A52EF004C64AE /* ViewController.swift */ = {isa = PBXFileReference; lastKnownFileType = sourcecode.swift; path = ViewController.swift; sourceTree = "<group>"; };
		9296AE8F1E7A52EF004C64AE /* Base */ = {isa = PBXFileReference; lastKnownFileType = file.storyboard; name = Base; path = Base.lproj/Main.storyboard; sourceTree = "<group>"; };
		9296AE911E7A52EF004C64AE /* Assets.xcassets */ = {isa = PBXFileReference; lastKnownFileType = folder.assetcatalog; path = Assets.xcassets; sourceTree = "<group>"; };
		9296AE941E7A52EF004C64AE /* Base */ = {isa = PBXFileReference; lastKnownFileType = file.storyboard; name = Base; path = Base.lproj/LaunchScreen.storyboard; sourceTree = "<group>"; };
		9296AE961E7A52EF004C64AE /* Info.plist */ = {isa = PBXFileReference; lastKnownFileType = text.plist.xml; path = Info.plist; sourceTree = "<group>"; };
/* End PBXFileReference section */

/* Begin PBXFrameworksBuildPhase section */
		9296AE841E7A52EF004C64AE /* Frameworks */ = {
			isa = PBXFrameworksBuildPhase;
			buildActionMask = 2147483647;
			files = (
				2731B3FB1647075870A26494 /* Pods_RotoredView.framework in Frameworks */,
			);
			runOnlyForDeploymentPostprocessing = 0;
		};
/* End PBXFrameworksBuildPhase section */

/* Begin PBXGroup section */
		1B2CFD8654499E5365510D56 /* Pods */ = {
			isa = PBXGroup;
			children = (
				528A33178CE638ACD7912904 /* Pods-RotoredView.debug.xcconfig */,
				675233905427FA666735F235 /* Pods-RotoredView.release.xcconfig */,
			);
			name = Pods;
			sourceTree = "<group>";
		};
		9296AE7E1E7A52EF004C64AE = {
			isa = PBXGroup;
			children = (
				9296AE891E7A52EF004C64AE /* RotoredView */,
				9296AE881E7A52EF004C64AE /* Products */,
				1B2CFD8654499E5365510D56 /* Pods */,
				A1E8BC593CA5571C8360E9A8 /* Frameworks */,
			);
			sourceTree = "<group>";
		};
		9296AE881E7A52EF004C64AE /* Products */ = {
			isa = PBXGroup;
			children = (
				9296AE871E7A52EF004C64AE /* RotoredView.app */,
			);
			name = Products;
			sourceTree = "<group>";
		};
		9296AE891E7A52EF004C64AE /* RotoredView */ = {
			isa = PBXGroup;
			children = (
				9296AE8A1E7A52EF004C64AE /* AppDelegate.swift */,
				9296AE8C1E7A52EF004C64AE /* ViewController.swift */,
				929615471E7A7408003CEBD5 /* WebConnection.swift */,
				9296AE8E1E7A52EF004C64AE /* Main.storyboard */,
				9296AE911E7A52EF004C64AE /* Assets.xcassets */,
				9296AE931E7A52EF004C64AE /* LaunchScreen.storyboard */,
				9296AE961E7A52EF004C64AE /* Info.plist */,
				929615431E7A62BC003CEBD5 /* RotoredView-Bridging-Header.h */,
				928542761E7A97A200FD61AD /* Reachability.h */,
				928542771E7A97A200FD61AD /* Reachability.m */,
			);
			path = RotoredView;
			sourceTree = "<group>";
		};
		A1E8BC593CA5571C8360E9A8 /* Frameworks */ = {
			isa = PBXGroup;
			children = (
				431CF783BC46F2B5EF5DBFAF /* Pods_RotoredView.framework */,
			);
			name = Frameworks;
			sourceTree = "<group>";
		};
/* End PBXGroup section */

/* Begin PBXNativeTarget section */
		9296AE861E7A52EF004C64AE /* RotoredView */ = {
			isa = PBXNativeTarget;
			buildConfigurationList = 9296AE991E7A52EF004C64AE /* Build configuration list for PBXNativeTarget "RotoredView" */;
			buildPhases = (
				03C2A91D9E3BEB88880A2D7D /* [CP] Check Pods Manifest.lock */,
				9296AE831E7A52EF004C64AE /* Sources */,
				9296AE841E7A52EF004C64AE /* Frameworks */,
				9296AE851E7A52EF004C64AE /* Resources */,
				5E3B41ED6B8B06358BFA61EC /* [CP] Embed Pods Frameworks */,
				76223D848B42730BA63FE076 /* [CP] Copy Pods Resources */,
			);
			buildRules = (
			);
			dependencies = (
			);
			name = RotoredView;
			productName = RotoredView;
			productReference = 9296AE871E7A52EF004C64AE /* RotoredView.app */;
			productType = "com.apple.product-type.application";
		};
/* End PBXNativeTarget section */

/* Begin PBXProject section */
		9296AE7F1E7A52EF004C64AE /* Project object */ = {
			isa = PBXProject;
			attributes = {
				LastSwiftUpdateCheck = 0730;
				LastUpgradeCheck = 0820;
				ORGANIZATIONNAME = Siya9;
				TargetAttributes = {
					9296AE861E7A52EF004C64AE = {
						CreatedOnToolsVersion = 7.3.1;
						LastSwiftMigration = 0820;
					};
				};
			};
			buildConfigurationList = 9296AE821E7A52EF004C64AE /* Build configuration list for PBXProject "RotoredView" */;
			compatibilityVersion = "Xcode 3.2";
			developmentRegion = English;
			hasScannedForEncodings = 0;
			knownRegions = (
				en,
				Base,
			);
			mainGroup = 9296AE7E1E7A52EF004C64AE;
			productRefGroup = 9296AE881E7A52EF004C64AE /* Products */;
			projectDirPath = "";
			projectRoot = "";
			targets = (
				9296AE861E7A52EF004C64AE /* RotoredView */,
			);
		};
/* End PBXProject section */

/* Begin PBXResourcesBuildPhase section */
		9296AE851E7A52EF004C64AE /* Resources */ = {
			isa = PBXResourcesBuildPhase;
			buildActionMask = 2147483647;
			files = (
				9296AE951E7A52EF004C64AE /* LaunchScreen.storyboard in Resources */,
				9296AE921E7A52EF004C64AE /* Assets.xcassets in Resources */,
				9296AE901E7A52EF004C64AE /* Main.storyboard in Resources */,
			);
			runOnlyForDeploymentPostprocessing = 0;
		};
/* End PBXResourcesBuildPhase section */

/* Begin PBXShellScriptBuildPhase section */
		03C2A91D9E3BEB88880A2D7D /* [CP] Check Pods Manifest.lock */ = {
			isa = PBXShellScriptBuildPhase;
			buildActionMask = 2147483647;
			files = (
			);
			inputPaths = (
			);
			name = "[CP] Check Pods Manifest.lock";
			outputPaths = (
			);
			runOnlyForDeploymentPostprocessing = 0;
			shellPath = /bin/sh;
			shellScript = "diff \"${PODS_ROOT}/../Podfile.lock\" \"${PODS_ROOT}/Manifest.lock\" > /dev/null\nif [ $? != 0 ] ; then\n    # print error to STDERR\n    echo \"error: The sandbox is not in sync with the Podfile.lock. Run 'pod install' or update your CocoaPods installation.\" >&2\n    exit 1\nfi\n";
			showEnvVarsInLog = 0;
		};
		5E3B41ED6B8B06358BFA61EC /* [CP] Embed Pods Frameworks */ = {
			isa = PBXShellScriptBuildPhase;
			buildActionMask = 2147483647;
			files = (
			);
			inputPaths = (
			);
			name = "[CP] Embed Pods Frameworks";
			outputPaths = (
			);
			runOnlyForDeploymentPostprocessing = 0;
			shellPath = /bin/sh;
			shellScript = "\"${SRCROOT}/Pods/Target Support Files/Pods-RotoredView/Pods-RotoredView-frameworks.sh\"\n";
			showEnvVarsInLog = 0;
		};
		76223D848B42730BA63FE076 /* [CP] Copy Pods Resources */ = {
			isa = PBXShellScriptBuildPhase;
			buildActionMask = 2147483647;
			files = (
			);
			inputPaths = (
			);
			name = "[CP] Copy Pods Resources";
			outputPaths = (
			);
			runOnlyForDeploymentPostprocessing = 0;
			shellPath = /bin/sh;
			shellScript = "\"${SRCROOT}/Pods/Target Support Files/Pods-RotoredView/Pods-RotoredView-resources.sh\"\n";
			showEnvVarsInLog = 0;
		};
/* End PBXShellScriptBuildPhase section */

/* Begin PBXSourcesBuildPhase section */
		9296AE831E7A52EF004C64AE /* Sources */ = {
			isa = PBXSourcesBuildPhase;
			buildActionMask = 2147483647;
			files = (
				929615481E7A7408003CEBD5 /* WebConnection.swift in Sources */,
				9296AE8D1E7A52EF004C64AE /* ViewController.swift in Sources */,
				928542781E7A97A200FD61AD /* Reachability.m in Sources */,
				9296AE8B1E7A52EF004C64AE /* AppDelegate.swift in Sources */,
			);
			runOnlyForDeploymentPostprocessing = 0;
		};
/* End PBXSourcesBuildPhase section */

/* Begin PBXVariantGroup section */
		9296AE8E1E7A52EF004C64AE /* Main.storyboard */ = {
			isa = PBXVariantGroup;
			children = (
				9296AE8F1E7A52EF004C64AE /* Base */,
			);
			name = Main.storyboard;
			sourceTree = "<group>";
		};
		9296AE931E7A52EF004C64AE /* LaunchScreen.storyboard */ = {
			isa = PBXVariantGroup;
			children = (
				9296AE941E7A52EF004C64AE /* Base */,
			);
			name = LaunchScreen.storyboard;
			sourceTree = "<group>";
		};
/* End PBXVariantGroup section */

/* Begin XCBuildConfiguration section */
		9296AE971E7A52EF004C64AE /* Debug */ = {
			isa = XCBuildConfiguration;
			buildSettings = {
				ALWAYS_SEARCH_USER_PATHS = NO;
				CLANG_ANALYZER_NONNULL = YES;
				CLANG_CXX_LANGUAGE_STANDARD = "gnu++0x";
				CLANG_CXX_LIBRARY = "libc++";
				CLANG_ENABLE_MODULES = YES;
				CLANG_ENABLE_OBJC_ARC = YES;
				CLANG_WARN_BOOL_CONVERSION = YES;
				CLANG_WARN_CONSTANT_CONVERSION = YES;
				CLANG_WARN_DIRECT_OBJC_ISA_USAGE = YES_ERROR;
				CLANG_WARN_EMPTY_BODY = YES;
				CLANG_WARN_ENUM_CONVERSION = YES;
				CLANG_WARN_INFINITE_RECURSION = YES;
				CLANG_WARN_INT_CONVERSION = YES;
				CLANG_WARN_OBJC_ROOT_CLASS = YES_ERROR;
				CLANG_WARN_SUSPICIOUS_MOVE = YES;
				CLANG_WARN_UNREACHABLE_CODE = YES;
				CLANG_WARN__DUPLICATE_METHOD_MATCH = YES;
				"CODE_SIGN_IDENTITY[sdk=iphoneos*]" = "iPhone Developer";
				COPY_PHASE_STRIP = NO;
				DEBUG_INFORMATION_FORMAT = dwarf;
				ENABLE_STRICT_OBJC_MSGSEND = YES;
				ENABLE_TESTABILITY = YES;
				GCC_C_LANGUAGE_STANDARD = gnu99;
				GCC_DYNAMIC_NO_PIC = NO;
				GCC_NO_COMMON_BLOCKS = YES;
				GCC_OPTIMIZATION_LEVEL = 0;
				GCC_PREPROCESSOR_DEFINITIONS = (
					"DEBUG=1",
					"$(inherited)",
				);
				GCC_WARN_64_TO_32_BIT_CONVERSION = YES;
				GCC_WARN_ABOUT_RETURN_TYPE = YES_ERROR;
				GCC_WARN_UNDECLARED_SELECTOR = YES;
				GCC_WARN_UNINITIALIZED_AUTOS = YES_AGGRESSIVE;
				GCC_WARN_UNUSED_FUNCTION = YES;
				GCC_WARN_UNUSED_VARIABLE = YES;
				IPHONEOS_DEPLOYMENT_TARGET = 9.3;
				MTL_ENABLE_DEBUG_INFO = YES;
				ONLY_ACTIVE_ARCH = YES;
				SDKROOT = iphoneos;
				SWIFT_OPTIMIZATION_LEVEL = "-Onone";
				TARGETED_DEVICE_FAMILY = "1,2";
			};
			name = Debug;
		};
		9296AE981E7A52EF004C64AE /* Release */ = {
			isa = XCBuildConfiguration;
			buildSettings = {
				ALWAYS_SEARCH_USER_PATHS = NO;
				CLANG_ANALYZER_NONNULL = YES;
				CLANG_CXX_LANGUAGE_STANDARD = "gnu++0x";
				CLANG_CXX_LIBRARY = "libc++";
				CLANG_ENABLE_MODULES = YES;
				CLANG_ENABLE_OBJC_ARC = YES;
				CLANG_WARN_BOOL_CONVERSION = YES;
				CLANG_WARN_CONSTANT_CONVERSION = YES;
				CLANG_WARN_DIRECT_OBJC_ISA_USAGE = YES_ERROR;
				CLANG_WARN_EMPTY_BODY = YES;
				CLANG_WARN_ENUM_CONVERSION = YES;
				CLANG_WARN_INFINITE_RECURSION = YES;
				CLANG_WARN_INT_CONVERSION = YES;
				CLANG_WARN_OBJC_ROOT_CLASS = YES_ERROR;
				CLANG_WARN_SUSPICIOUS_MOVE = YES;
				CLANG_WARN_UNREACHABLE_CODE = YES;
				CLANG_WARN__DUPLICATE_METHOD_MATCH = YES;
				"CODE_SIGN_IDENTITY[sdk=iphoneos*]" = "iPhone Developer";
				COPY_PHASE_STRIP = NO;
				DEBUG_INFORMATION_FORMAT = "dwarf-with-dsym";
				ENABLE_NS_ASSERTIONS = NO;
				ENABLE_STRICT_OBJC_MSGSEND = YES;
				GCC_C_LANGUAGE_STANDARD = gnu99;
				GCC_NO_COMMON_BLOCKS = YES;
				GCC_WARN_64_TO_32_BIT_CONVERSION = YES;
				GCC_WARN_ABOUT_RETURN_TYPE = YES_ERROR;
				GCC_WARN_UNDECLARED_SELECTOR = YES;
				GCC_WARN_UNINITIALIZED_AUTOS = YES_AGGRESSIVE;
				GCC_WARN_UNUSED_FUNCTION = YES;
				GCC_WARN_UNUSED_VARIABLE = YES;
				IPHONEOS_DEPLOYMENT_TARGET = 9.3;
				MTL_ENABLE_DEBUG_INFO = NO;
				SDKROOT = iphoneos;
				SWIFT_OPTIMIZATION_LEVEL = "-Owholemodule";
				TARGETED_DEVICE_FAMILY = "1,2";
				VALIDATE_PRODUCT = YES;
			};
			name = Release;
		};
		9296AE9A1E7A52EF004C64AE /* Debug */ = {
			isa = XCBuildConfiguration;
			baseConfigurationReference = 528A33178CE638ACD7912904 /* Pods-RotoredView.debug.xcconfig */;
			buildSettings = {
				ALWAYS_EMBED_SWIFT_STANDARD_LIBRARIES = YES;
				ASSETCATALOG_COMPILER_APPICON_NAME = AppIcon;
				CLANG_ENABLE_MODULES = YES;
				INFOPLIST_FILE = RotoredView/Info.plist;
				LD_RUNPATH_SEARCH_PATHS = "$(inherited) @executable_path/Frameworks";
				PRODUCT_BUNDLE_IDENTIFIER = SiyaInfoTech.RotoredView;
				PRODUCT_NAME = "$(TARGET_NAME)";
				SWIFT_OBJC_BRIDGING_HEADER = "RotoredView/RotoredView-Bridging-Header.h";
				SWIFT_OPTIMIZATION_LEVEL = "-Onone";
				SWIFT_VERSION = 3.0;
			};
			name = Debug;
		};
		9296AE9B1E7A52EF004C64AE /* Release */ = {
			isa = XCBuildConfiguration;
			baseConfigurationReference = 675233905427FA666735F235 /* Pods-RotoredView.release.xcconfig */;
			buildSettings = {
				ALWAYS_EMBED_SWIFT_STANDARD_LIBRARIES = YES;
				ASSETCATALOG_COMPILER_APPICON_NAME = AppIcon;
				CLANG_ENABLE_MODULES = YES;
				INFOPLIST_FILE = RotoredView/Info.plist;
				LD_RUNPATH_SEARCH_PATHS = "$(inherited) @executable_path/Frameworks";
				PRODUCT_BUNDLE_IDENTIFIER = SiyaInfoTech.RotoredView;
				PRODUCT_NAME = "$(TARGET_NAME)";
				SWIFT_OBJC_BRIDGING_HEADER = "RotoredView/RotoredView-Bridging-Header.h";
				SWIFT_VERSION = 3.0;
			};
			name = Release;
		};
/* End XCBuildConfiguration section */

/* Begin XCConfigurationList section */
		9296AE821E7A52EF004C64AE /* Build configuration list for PBXProject "RotoredView" */ = {
			isa = XCConfigurationList;
			buildConfigurations = (
				9296AE971E7A52EF004C64AE /* Debug */,
				9296AE981E7A52EF004C64AE /* Release */,
			);
			defaultConfigurationIsVisible = 0;
			defaultConfigurationName = Release;
		};
		9296AE991E7A52EF004C64AE /* Build configuration list for PBXNativeTarget "RotoredView" */ = {
			isa = XCConfigurationList;
			buildConfigurations = (
				9296AE9A1E7A52EF004C64AE /* Debug */,
				9296AE9B1E7A52EF004C64AE /* Release */,
			);
			defaultConfigurationIsVisible = 0;
			defaultConfigurationName = Release;
		};
/* End XCConfigurationList section */
	};
	rootObject = 9296AE7F1E7A52EF004C64AE /* Project object */;
}
